
Microsoft Visual Studio Solution File, Format Version 12.00
# Visual Studio 14
VisualStudioVersion = 14.0.25123.0
MinimumVisualStudioVersion = 10.0.40219.1
Project("{FAE04EC0-301F-11D3-BF4B-00C04F79EFBC}") = "Omega.Crawler", "Omega.Crawler\Omega.Crawler.csproj", "{648B6540-93A4-4663-B0A3-EEF834622849}"
EndProject
Project("{FAE04EC0-301F-11D3-BF4B-00C04F79EFBC}") = "Omega.Model.Tests", "Omega.Model.Tests\Omega.Model.Tests.csproj", "{2A6DE634-CCC8-4D50-85C3-5793BEBFEB19}"
EndProject
Project("{FAE04EC0-301F-11D3-BF4B-00C04F79EFBC}") = "Omega.DataManager", "Omega.DataManager\Omega.DataManager.csproj", "{2335B04D-421D-4D59-A36C-C704A02B0939}"
EndProject
Project("{FAE04EC0-301F-11D3-BF4B-00C04F79EFBC}") = "Omega.Front", "Omega.Front\Omega.Front.csproj", "{6971B1C3-1444-40F6-9677-10BC3F20E3F7}"
EndProject
Project("{FAE04EC0-301F-11D3-BF4B-00C04F79EFBC}") = "Omega.Model", "Omega.Model\Omega.Model.csproj", "{40EF09D9-67D8-407A-92D0-CE44271CED3A}"
EndProject
Project("{FAE04EC0-301F-11D3-BF4B-00C04F79EFBC}") = "OmegaSPA", "OmegaSPA\OmegaSPA.csproj", "{B19635A3-971E-4A98-B7C0-B609770AC791}"
EndProject
Project("{FAE04EC0-301F-11D3-BF4B-00C04F79EFBC}") = "Omega.DataManager.Test", "Omega.DataManager.Test\Omega.DataManager.Test.csproj", "{02D7955D-C880-482F-9EDC-E5ABFC86DEED}"
EndProject
Project("{FAE04EC0-301F-11D3-BF4B-00C04F79EFBC}") = "Omega.Crawler.Tests", "Omega.Crawler.Tests\Omega.Crawler.Tests.csproj", "{41948BA5-702B-401B-9975-10FF97350E87}"
EndProject
Global
	GlobalSection(SolutionConfigurationPlatforms) = preSolution
		Debug|Any CPU = Debug|Any CPU
		Release|Any CPU = Release|Any CPU
	EndGlobalSection
	GlobalSection(ProjectConfigurationPlatforms) = postSolution
		{648B6540-93A4-4663-B0A3-EEF834622849}.Debug|Any CPU.ActiveCfg = Debug|Any CPU
		{648B6540-93A4-4663-B0A3-EEF834622849}.Debug|Any CPU.Build.0 = Debug|Any CPU
		{648B6540-93A4-4663-B0A3-EEF834622849}.Release|Any CPU.ActiveCfg = Release|Any CPU
		{648B6540-93A4-4663-B0A3-EEF834622849}.Release|Any CPU.Build.0 = Release|Any CPU
		{2A6DE634-CCC8-4D50-85C3-5793BEBFEB19}.Debug|Any CPU.ActiveCfg = Debug|Any CPU
		{2A6DE634-CCC8-4D50-85C3-5793BEBFEB19}.Debug|Any CPU.Build.0 = Debug|Any CPU
		{2A6DE634-CCC8-4D50-85C3-5793BEBFEB19}.Release|Any CPU.ActiveCfg = Release|Any CPU
		{2A6DE634-CCC8-4D50-85C3-5793BEBFEB19}.Release|Any CPU.Build.0 = Release|Any CPU
		{2335B04D-421D-4D59-A36C-C704A02B0939}.Debug|Any CPU.ActiveCfg = Debug|Any CPU
		{2335B04D-421D-4D59-A36C-C704A02B0939}.Debug|Any CPU.Build.0 = Debug|Any CPU
		{2335B04D-421D-4D59-A36C-C704A02B0939}.Release|Any CPU.ActiveCfg = Release|Any CPU
		{2335B04D-421D-4D59-A36C-C704A02B0939}.Release|Any CPU.Build.0 = Release|Any CPU
		{6971B1C3-1444-40F6-9677-10BC3F20E3F7}.Debug|Any CPU.ActiveCfg = Debug|Any CPU
		{6971B1C3-1444-40F6-9677-10BC3F20E3F7}.Debug|Any CPU.Build.0 = Debug|Any CPU
		{6971B1C3-1444-40F6-9677-10BC3F20E3F7}.Release|Any CPU.ActiveCfg = Release|Any CPU
		{6971B1C3-1444-40F6-9677-10BC3F20E3F7}.Release|Any CPU.Build.0 = Release|Any CPU
		{40EF09D9-67D8-407A-92D0-CE44271CED3A}.Debug|Any CPU.ActiveCfg = Debug|Any CPU
		{40EF09D9-67D8-407A-92D0-CE44271CED3A}.Debug|Any CPU.Build.0 = Debug|Any CPU
		{40EF09D9-67D8-407A-92D0-CE44271CED3A}.Release|Any CPU.ActiveCfg = Release|Any CPU
		{40EF09D9-67D8-407A-92D0-CE44271CED3A}.Release|Any CPU.Build.0 = Release|Any CPU
		{B19635A3-971E-4A98-B7C0-B609770AC791}.Debug|Any CPU.ActiveCfg = Debug|Any CPU
		{B19635A3-971E-4A98-B7C0-B609770AC791}.Debug|Any CPU.Build.0 = Debug|Any CPU
		{B19635A3-971E-4A98-B7C0-B609770AC791}.Release|Any CPU.ActiveCfg = Release|Any CPU
		{B19635A3-971E-4A98-B7C0-B609770AC791}.Release|Any CPU.Build.0 = Release|Any CPU
		{02D7955D-C880-482F-9EDC-E5ABFC86DEED}.Debug|Any CPU.ActiveCfg = Debug|Any CPU
		{02D7955D-C880-482F-9EDC-E5ABFC86DEED}.Debug|Any CPU.Build.0 = Debug|Any CPU
		{02D7955D-C880-482F-9EDC-E5ABFC86DEED}.Release|Any CPU.ActiveCfg = Release|Any CPU
		{02D7955D-C880-482F-9EDC-E5ABFC86DEED}.Release|Any CPU.Build.0 = Release|Any CPU
		{41948BA5-702B-401B-9975-10FF97350E87}.Debug|Any CPU.ActiveCfg = Debug|Any CPU
		{41948BA5-702B-401B-9975-10FF97350E87}.Debug|Any CPU.Build.0 = Debug|Any CPU
		{41948BA5-702B-401B-9975-10FF97350E87}.Release|Any CPU.ActiveCfg = Release|Any CPU
		{41948BA5-702B-401B-9975-10FF97350E87}.Release|Any CPU.Build.0 = Release|Any CPU
	EndGlobalSection
	GlobalSection(SolutionProperties) = preSolution
		HideSolutionNode = FALSE
	EndGlobalSection
EndGlobal
