
Microsoft Visual Studio Solution File, Format Version 12.00
# Visual Studio 14
VisualStudioVersion = 14.0.23107.0
MinimumVisualStudioVersion = 10.0.40219.1
Project("{FAE04EC0-301F-11D3-BF4B-00C04F79EFBC}") = "IT.S4.PI.Omega.WebAPI", "IT.S4.PI.Omega.WebAPI\IT.S4.PI.Omega.WebAPI.csproj", "{81D6FB7B-00F3-4BCE-8484-FCB8A72281F3}"
EndProject
Project("{FAE04EC0-301F-11D3-BF4B-00C04F79EFBC}") = "IT.S4.PI.Omega", "IT.S4.PI.Omega\IT.S4.PI.Omega.csproj", "{6C0090CA-EA01-4831-B673-5E2131846ACD}"
EndProject
Project("{FAE04EC0-301F-11D3-BF4B-00C04F79EFBC}") = "IT.S4.PI.Omega.Tests", "IT.S4.PI.Omega.Tests\IT.S4.PI.Omega.Tests.csproj", "{A7C536DD-4708-4415-996D-7824968C3795}"
EndProject
Global
	GlobalSection(SolutionConfigurationPlatforms) = preSolution
		Debug|Any CPU = Debug|Any CPU
		Release|Any CPU = Release|Any CPU
	EndGlobalSection
	GlobalSection(ProjectConfigurationPlatforms) = postSolution
		{81D6FB7B-00F3-4BCE-8484-FCB8A72281F3}.Debug|Any CPU.ActiveCfg = Debug|Any CPU
		{81D6FB7B-00F3-4BCE-8484-FCB8A72281F3}.Debug|Any CPU.Build.0 = Debug|Any CPU
		{81D6FB7B-00F3-4BCE-8484-FCB8A72281F3}.Release|Any CPU.ActiveCfg = Release|Any CPU
		{81D6FB7B-00F3-4BCE-8484-FCB8A72281F3}.Release|Any CPU.Build.0 = Release|Any CPU
		{6C0090CA-EA01-4831-B673-5E2131846ACD}.Debug|Any CPU.ActiveCfg = Debug|Any CPU
		{6C0090CA-EA01-4831-B673-5E2131846ACD}.Debug|Any CPU.Build.0 = Debug|Any CPU
		{6C0090CA-EA01-4831-B673-5E2131846ACD}.Release|Any CPU.ActiveCfg = Release|Any CPU
		{6C0090CA-EA01-4831-B673-5E2131846ACD}.Release|Any CPU.Build.0 = Release|Any CPU
		{A7C536DD-4708-4415-996D-7824968C3795}.Debug|Any CPU.ActiveCfg = Debug|Any CPU
		{A7C536DD-4708-4415-996D-7824968C3795}.Debug|Any CPU.Build.0 = Debug|Any CPU
		{A7C536DD-4708-4415-996D-7824968C3795}.Release|Any CPU.ActiveCfg = Release|Any CPU
		{A7C536DD-4708-4415-996D-7824968C3795}.Release|Any CPU.Build.0 = Release|Any CPU
	EndGlobalSection
	GlobalSection(SolutionProperties) = preSolution
		HideSolutionNode = FALSE
	EndGlobalSection
EndGlobal
