
Microsoft Visual Studio Solution File, Format Version 12.00
# Visual Studio 14
VisualStudioVersion = 14.0.24720.0
MinimumVisualStudioVersion = 10.0.40219.1
Project("{FAE04EC0-301F-11D3-BF4B-00C04F79EFBC}") = "IT.S4.PI.Omega", "IT.S4.PI.Omega\IT.S4.PI.Omega.csproj", "{64C2A5DF-4A21-43AC-90F4-BEE5BFC35226}"
EndProject
Project("{FAE04EC0-301F-11D3-BF4B-00C04F79EFBC}") = "Owin.Security.Providers.Deezer", "Owin.Security.Providers.Deezer\Owin.Security.Providers.Deezer.csproj", "{683B4041-A399-40CE-84B8-392F08A6805D}"
EndProject
Project("{FAE04EC0-301F-11D3-BF4B-00C04F79EFBC}") = "Owin.Security.Providers.Spotify", "Owin.Security.Providers.Spotify\Owin.Security.Providers.Spotify.csproj", "{0ED306E9-A028-4BE1-865F-E1D14DE22513}"
EndProject
Global
	GlobalSection(SolutionConfigurationPlatforms) = preSolution
		Debug|Any CPU = Debug|Any CPU
		Release|Any CPU = Release|Any CPU
	EndGlobalSection
	GlobalSection(ProjectConfigurationPlatforms) = postSolution
		{64C2A5DF-4A21-43AC-90F4-BEE5BFC35226}.Debug|Any CPU.ActiveCfg = Debug|Any CPU
		{64C2A5DF-4A21-43AC-90F4-BEE5BFC35226}.Debug|Any CPU.Build.0 = Debug|Any CPU
		{64C2A5DF-4A21-43AC-90F4-BEE5BFC35226}.Release|Any CPU.ActiveCfg = Release|Any CPU
		{64C2A5DF-4A21-43AC-90F4-BEE5BFC35226}.Release|Any CPU.Build.0 = Release|Any CPU
		{683B4041-A399-40CE-84B8-392F08A6805D}.Debug|Any CPU.ActiveCfg = Debug|Any CPU
		{683B4041-A399-40CE-84B8-392F08A6805D}.Debug|Any CPU.Build.0 = Debug|Any CPU
		{683B4041-A399-40CE-84B8-392F08A6805D}.Release|Any CPU.ActiveCfg = Release|Any CPU
		{683B4041-A399-40CE-84B8-392F08A6805D}.Release|Any CPU.Build.0 = Release|Any CPU
		{0ED306E9-A028-4BE1-865F-E1D14DE22513}.Debug|Any CPU.ActiveCfg = Debug|Any CPU
		{0ED306E9-A028-4BE1-865F-E1D14DE22513}.Debug|Any CPU.Build.0 = Debug|Any CPU
		{0ED306E9-A028-4BE1-865F-E1D14DE22513}.Release|Any CPU.ActiveCfg = Release|Any CPU
		{0ED306E9-A028-4BE1-865F-E1D14DE22513}.Release|Any CPU.Build.0 = Release|Any CPU
	EndGlobalSection
	GlobalSection(SolutionProperties) = preSolution
		HideSolutionNode = FALSE
	EndGlobalSection
EndGlobal
